Microsoft Visual Studio Solution File, Format Version 12.00
# Visual Studio 2012
Project("{FAE04EC0-301F-11D3-BF4B-00C04F79EFBC}") = "Ghostd", "Ghostd.csproj", "{250F3E82-F457-498F-AEEE-6A213578E4ED}"
EndProject
Global
	GlobalSection(SolutionConfigurationPlatforms) = preSolution
	Debug|Any CPU = Debug|Any CPU
	ExportDebug|Any CPU = ExportDebug|Any CPU
	ExportRelease|Any CPU = ExportRelease|Any CPU
	EndGlobalSection
	GlobalSection(ProjectConfigurationPlatforms) = postSolution
		{250F3E82-F457-498F-AEEE-6A213578E4ED}.Debug|Any CPU.ActiveCfg = Debug|Any CPU
		{250F3E82-F457-498F-AEEE-6A213578E4ED}.Debug|Any CPU.Build.0 = Debug|Any CPU
		{250F3E82-F457-498F-AEEE-6A213578E4ED}.ExportDebug|Any CPU.ActiveCfg = ExportDebug|Any CPU
		{250F3E82-F457-498F-AEEE-6A213578E4ED}.ExportDebug|Any CPU.Build.0 = ExportDebug|Any CPU
		{250F3E82-F457-498F-AEEE-6A213578E4ED}.ExportRelease|Any CPU.ActiveCfg = ExportRelease|Any CPU
		{250F3E82-F457-498F-AEEE-6A213578E4ED}.ExportRelease|Any CPU.Build.0 = ExportRelease|Any CPU
	EndGlobalSection
EndGlobal
